[[package]]
name = "asyncpg"
version = "0.27.0"
description = "An asyncio PostgreSQL driver"
category = "main"
optional = false
python-versions = ">=3.7.0"

[package.extras]
dev = ["Cython (>=0.29.24,<0.30.0)", "Sphinx (>=4.1.2,<4.2.0)", "flake8 (>=5.0.4,<5.1.0)", "pytest (>=6.0)", "sphinx-rtd-theme (>=0.5.2,<0.6.0)", "sphinxcontrib-asyncio (>=0.3.0,<0.4.0)", "uvloop (>=0.15.3)"]
docs = ["Sphinx (>=4.1.2,<4.2.0)", "sphinx-rtd-theme (>=0.5.2,<0.6.0)", "sphinxcontrib-asyncio (>=0.3.0,<0.4.0)"]
test = ["flake8 (>=5.0.4,<5.1.0)", "uvloop (>=0.15.3)"]

[[package]]
name = "certifi"
version = "2022.12.7"
description = "Python package for providing Mozilla's CA Bundle."
category = "main"
optional = false
python-versions = ">=3.6"

[[package]]
name = "charset-normalizer"
version = "3.0.1"
description = "The Real First Universal Charset Detector. Open, modern and actively maintained alternative to Chardet."
category = "main"
optional = false
python-versions = "*"

[[package]]
name = "idna"
version = "3.4"
description = "Internationalized Domain Names in Applications (IDNA)"
category = "main"
optional = false
python-versions = ">=3.5"

[[package]]
name = "mega.py"
version = "1.0.8"
description = "Python lib for the Mega.co.nz API"
category = "main"
optional = false
python-versions = "*"

[package.dependencies]
pathlib = "1.0.1"
pycryptodome = ">=3.9.6,<4.0.0"
requests = ">=0.10"
tenacity = ">=5.1.5,<6.0.0"

[[package]]
name = "pathlib"
version = "1.0.1"
description = "Object-oriented filesystem paths"
category = "main"
optional = false
python-versions = "*"

[[package]]
name = "pycryptodome"
version = "3.17"
description = "Cryptographic library for Python"
category = "main"
optional = false
python-versions = ">=2.7, !=3.0.*, !=3.1.*, !=3.2.*, !=3.3.*, !=3.4.*"

[[package]]
name = "python-decouple"
version = "3.7"
description = "Strict separation of settings from code."
category = "main"
optional = false
python-versions = "*"

[[package]]
name = "requests"
version = "2.28.2"
description = "Python HTTP for Humans."
category = "main"
optional = false
python-versions = ">=3.7, <4"

[package.dependencies]
certifi = ">=2017.4.17"
charset-normalizer = ">=2,<4"
idna = ">=2.5,<4"
urllib3 = ">=1.21.1,<1.27"

[package.extras]
socks = ["PySocks (>=1.5.6,!=1.5.7)"]
use_chardet_on_py3 = ["chardet (>=3.0.2,<6)"]

[[package]]
name = "six"
version = "1.16.0"
description = "Python 2 and 3 compatibility utilities"
category = "main"
optional = false
python-versions = ">=2.7, !=3.0.*, !=3.1.*, !=3.2.*"

[[package]]
name = "tenacity"
version = "5.1.5"
description = "Retry code until it succeeeds"
category = "main"
optional = false
python-versions = "*"

[package.dependencies]
six = ">=1.9.0"

[package.extras]
doc = ["reno", "sphinx", "tornado (>=4.5)"]

[[package]]
name = "urllib3"
version = "1.26.14"
description = "HTTP library with thread-safe connection pooling, file post, and more."
category = "main"
optional = false
python-versions = ">=2.7, !=3.0.*, !=3.1.*, !=3.2.*, !=3.3.*, !=3.4.*, !=3.5.*"

[package.extras]
brotli = ["brotli (>=1.0.9)", "brotlicffi (>=0.8.0)", "brotlipy (>=0.6.0)"]
secure = ["certifi", "cryptography (>=1.3.4)", "idna (>=2.0.0)", "ipaddress", "pyOpenSSL (>=0.14)", "urllib3-secure-extra"]
socks = ["PySocks (>=1.5.6,!=1.5.7,<2.0)"]

[metadata]
lock-version = "1.1"
python-versions = "^3.10"
content-hash = "bf21991672d19091c858f8ba5b5c4ffc376b2b45bd99071b9fdedf476bcdc3c7"

[metadata.files]
asyncpg = [
    {file = "asyncpg-0.27.0-cp310-cp310-macosx_10_9_x86_64.whl", hash = "sha256:fca608d199ffed4903dce1bcd97ad0fe8260f405c1c225bdf0002709132171c2"},
    {file = "asyncpg-0.27.0-cp310-cp310-macosx_11_0_arm64.whl", hash = "sha256:20b596d8d074f6f695c13ffb8646d0b6bb1ab570ba7b0cfd349b921ff03cfc1e"},
    {file = "asyncpg-0.27.0-cp310-cp310-manylinux_2_17_aarch64.manylinux2014_aarch64.manylinux_2_28_aarch64.whl", hash = "sha256:7a6206210c869ebd3f4eb9e89bea132aefb56ff3d1b7dd7e26b102b17e27bbb1"},
    {file = "asyncpg-0.27.0-cp310-cp310-manylinux_2_17_x86_64.manylinux2014_x86_64.manylinux_2_28_x86_64.whl", hash = "sha256:a7a94c03386bb95456b12c66026b3a87d1b965f0f1e5733c36e7229f8f137747"},
    {file = "asyncpg-0.27.0-cp310-cp310-musllinux_1_1_aarch64.whl", hash = "sha256:bfc3980b4ba6f97138b04f0d32e8af21d6c9fa1f8e6e140c07d15690a0a99279"},
    {file = "asyncpg-0.27.0-cp310-cp310-musllinux_1_1_x86_64.whl", hash = "sha256:9654085f2b22f66952124de13a8071b54453ff972c25c59b5ce1173a4283ffd9"},
    {file = "asyncpg-0.27.0-cp310-cp310-win32.whl", hash = "sha256:879c29a75969eb2722f94443752f4720d560d1e748474de54ae8dd230bc4956b"},
    {file = "asyncpg-0.27.0-cp310-cp310-win_amd64.whl", hash = "sha256:ab0f21c4818d46a60ca789ebc92327d6d874d3b7ccff3963f7af0a21dc6cff52"},
    {file = "asyncpg-0.27.0-cp311-cp311-macosx_10_9_x86_64.whl", hash = "sha256:18f77e8e71e826ba2d0c3ba6764930776719ae2b225ca07e014590545928b576"},
    {file = "asyncpg-0.27.0-cp311-cp311-macosx_11_0_arm64.whl", hash = "sha256:c2232d4625c558f2aa001942cac1d7952aa9f0dbfc212f63bc754277769e1ef2"},
    {file = "asyncpg-0.27.0-cp311-cp311-manylinux_2_17_aarch64.manylinux2014_aarch64.manylinux_2_28_aarch64.whl", hash = "sha256:9a3a4ff43702d39e3c97a8786314123d314e0f0e4dabc8367db5b665c93914de"},
    {file = "asyncpg-0.27.0-cp311-cp311-manylinux_2_17_x86_64.manylinux2014_x86_64.manylinux_2_28_x86_64.whl", hash = "sha256:ccddb9419ab4e1c48742457d0c0362dbdaeb9b28e6875115abfe319b29ee225d"},
    {file = "asyncpg-0.27.0-cp311-cp311-musllinux_1_1_aarch64.whl", hash = "sha256:768e0e7c2898d40b16d4ef7a0b44e8150db3dd8995b4652aa1fe2902e92c7df8"},
    {file = "asyncpg-0.27.0-cp311-cp311-musllinux_1_1_x86_64.whl", hash = "sha256:609054a1f47292a905582a1cfcca51a6f3f30ab9d822448693e66fdddde27920"},
    {file = "asyncpg-0.27.0-cp311-cp311-win32.whl", hash = "sha256:8113e17cfe236dc2277ec844ba9b3d5312f61bd2fdae6d3ed1c1cdd75f6cf2d8"},
    {file = "asyncpg-0.27.0-cp311-cp311-win_amd64.whl", hash = "sha256:bb71211414dd1eeb8d31ec529fe77cff04bf53efc783a5f6f0a32d84923f45cf"},
    {file = "asyncpg-0.27.0-cp37-cp37m-manylinux_2_17_aarch64.manylinux2014_aarch64.manylinux_2_28_aarch64.whl", hash = "sha256:4750f5cf49ed48a6e49c6e5aed390eee367694636c2dcfaf4a273ca832c5c43c"},
    {file = "asyncpg-0.27.0-cp37-cp37m-musllinux_1_1_aarch64.whl", hash = "sha256:eca01eb112a39d31cc4abb93a5aef2a81514c23f70956729f42fb83b11b3483f"},
    {file = "asyncpg-0.27.0-cp37-cp37m-musllinux_1_1_x86_64.whl", hash = "sha256:5710cb0937f696ce303f5eed6d272e3f057339bb4139378ccecafa9ee923a71c"},
    {file = "asyncpg-0.27.0-cp37-cp37m-win_amd64.whl", hash = "sha256:71cca80a056ebe19ec74b7117b09e650990c3ca535ac1c35234a96f65604192f"},
    {file = "asyncpg-0.27.0-cp38-cp38-macosx_11_0_arm64.whl", hash = "sha256:4bb366ae34af5b5cabc3ac6a5347dfb6013af38c68af8452f27968d49085ecc0"},
    {file = "asyncpg-0.27.0-cp38-cp38-manylinux_2_17_aarch64.manylinux2014_aarch64.manylinux_2_28_aarch64.whl", hash = "sha256:16ba8ec2e85d586b4a12bcd03e8d29e3d99e832764d6a1d0b8c27dbbe4a2569d"},
    {file = "asyncpg-0.27.0-cp38-cp38-manylinux_2_17_x86_64.manylinux2014_x86_64.manylinux_2_28_x86_64.whl", hash = "sha256:d20dea7b83651d93b1eb2f353511fe7fd554752844523f17ad30115d8b9c8cd6"},
    {file = "asyncpg-0.27.0-cp38-cp38-musllinux_1_1_aarch64.whl", hash = "sha256:e56ac8a8237ad4adec97c0cd4728596885f908053ab725e22900b5902e7f8e69"},
    {file = "asyncpg-0.27.0-cp38-cp38-musllinux_1_1_x86_64.whl", hash = "sha256:bf21ebf023ec67335258e0f3d3ad7b91bb9507985ba2b2206346de488267cad0"},
    {file = "asyncpg-0.27.0-cp38-cp38-win32.whl", hash = "sha256:69aa1b443a182b13a17ff926ed6627af2d98f62f2fe5890583270cc4073f63bf"},
    {file = "asyncpg-0.27.0-cp38-cp38-win_amd64.whl", hash = "sha256:62932f29cf2433988fcd799770ec64b374a3691e7902ecf85da14d5e0854d1ea"},
    {file = "asyncpg-0.27.0-cp39-cp39-macosx_10_9_x86_64.whl", hash = "sha256:fddcacf695581a8d856654bc4c8cfb73d5c9df26d5f55201722d3e6a699e9629"},
    {file = "asyncpg-0.27.0-cp39-cp39-macosx_11_0_arm64.whl", hash = "sha256:7d8585707ecc6661d07367d444bbaa846b4e095d84451340da8df55a3757e152"},
    {file = "asyncpg-0.27.0-cp39-cp39-manylinux_2_17_aarch64.manylinux2014_aarch64.manylinux_2_28_aarch64.whl", hash = "sha256:975a320baf7020339a67315284a4d3bf7460e664e484672bd3e71dbd881bc692"},
    {file = "asyncpg-0.27.0-cp39-cp39-manylinux_2_17_x86_64.manylinux2014_x86_64.manylinux_2_28_x86_64.whl", hash = "sha256:2232ebae9796d4600a7819fc383da78ab51b32a092795f4555575fc934c1c89d"},
    {file = "asyncpg-0.27.0-cp39-cp39-musllinux_1_1_aarch64.whl", hash = "sha256:88b62164738239f62f4af92567b846a8ef7cf8abf53eddd83650603de4d52163"},
    {file = "asyncpg-0.27.0-cp39-cp39-musllinux_1_1_x86_64.whl", hash = "sha256:eb4b2fdf88af4fb1cc569781a8f933d2a73ee82cd720e0cb4edabbaecf2a905b"},
    {file = "asyncpg-0.27.0-cp39-cp39-win32.whl", hash = "sha256:8934577e1ed13f7d2d9cea3cc016cc6f95c19faedea2c2b56a6f94f257cea672"},
    {file = "asyncpg-0.27.0-cp39-cp39-win_amd64.whl", hash = "sha256:1b6499de06fe035cf2fa932ec5617ed3f37d4ebbf663b655922e105a484a6af9"},
    {file = "asyncpg-0.27.0.tar.gz", hash = "sha256:720986d9a4705dd8a40fdf172036f5ae787225036a7eb46e704c45aa8f62c054"},
]
certifi = [
    {file = "certifi-2022.12.7-py3-none-any.whl", hash = "sha256:4ad3232f5e926d6718ec31cfc1fcadfde020920e278684144551c91769c7bc18"},
    {file = "certifi-2022.12.7.tar.gz", hash = "sha256:35824b4c3a97115964b408844d64aa14db1cc518f6562e8d7261699d1350a9e3"},
]
charset-normalizer = [
    {file = "charset-normalizer-3.0.1.tar.gz", hash = "sha256:ebea339af930f8ca5d7a699b921106c6e29c617fe9606fa7baa043c1cdae326f"},
    {file = "charset_normalizer-3.0.1-cp310-cp310-macosx_10_9_universal2.whl", hash = "sha256:88600c72ef7587fe1708fd242b385b6ed4b8904976d5da0893e31df8b3480cb6"},
    {file = "charset_normalizer-3.0.1-cp310-cp310-macosx_10_9_x86_64.whl", hash = "sha256:c75ffc45f25324e68ab238cb4b5c0a38cd1c3d7f1fb1f72b5541de469e2247db"},
    {file = "charset_normalizer-3.0.1-cp310-cp310-macosx_11_0_arm64.whl", hash = "sha256:db72b07027db150f468fbada4d85b3b2729a3db39178abf5c543b784c1254539"},
    {file = "charset_normalizer-3.0.1-cp310-cp310-manylinux_2_17_aarch64.manylinux2014_aarch64.whl", hash = "sha256:62595ab75873d50d57323a91dd03e6966eb79c41fa834b7a1661ed043b2d404d"},
    {file = "charset_normalizer-3.0.1-cp310-cp310-manylinux_2_17_ppc64le.manylinux2014_ppc64le.whl", hash = "sha256:ff6f3db31555657f3163b15a6b7c6938d08df7adbfc9dd13d9d19edad678f1e8"},
    {file = "charset_normalizer-3.0.1-cp310-cp310-manylinux_2_17_s390x.manylinux2014_s390x.whl", hash = "sha256:772b87914ff1152b92a197ef4ea40efe27a378606c39446ded52c8f80f79702e"},
    {file = "charset_normalizer-3.0.1-cp310-cp310-manylinux_2_17_x86_64.manylinux2014_x86_64.whl", hash = "sha256:70990b9c51340e4044cfc394a81f614f3f90d41397104d226f21e66de668730d"},
    {file = "charset_normalizer-3.0.1-cp310-cp310-manylinux_2_5_i686.manylinux1_i686.manylinux_2_17_i686.manylinux2014_i686.whl", hash = "sha256:292d5e8ba896bbfd6334b096e34bffb56161c81408d6d036a7dfa6929cff8783"},
    {file = "charset_normalizer-3.0.1-cp310-cp310-musllinux_1_1_aarch64.whl", hash = "sha256:2edb64ee7bf1ed524a1da60cdcd2e1f6e2b4f66ef7c077680739f1641f62f555"},
    {file = "charset_normalizer-3.0.1-cp310-cp310-musllinux_1_1_i686.whl", hash = "sha256:31a9ddf4718d10ae04d9b18801bd776693487cbb57d74cc3458a7673f6f34639"},
    {file = "charset_normalizer-3.0.1-cp310-cp310-musllinux_1_1_ppc64le.whl", hash = "sha256:44ba614de5361b3e5278e1241fda3dc1838deed864b50a10d7ce92983797fa76"},
    {file = "charset_normalizer-3.0.1-cp310-cp310-musllinux_1_1_s390x.whl", hash = "sha256:12db3b2c533c23ab812c2b25934f60383361f8a376ae272665f8e48b88e8e1c6"},
    {file = "charset_normalizer-3.0.1-cp310-cp310-musllinux_1_1_x86_64.whl", hash = "sha256:c512accbd6ff0270939b9ac214b84fb5ada5f0409c44298361b2f5e13f9aed9e"},
    {file = "charset_normalizer-3.0.1-cp310-cp310-win32.whl", hash = "sha256:502218f52498a36d6bf5ea77081844017bf7982cdbe521ad85e64cabee1b608b"},
    {file = "charset_normalizer-3.0.1-cp310-cp310-win_amd64.whl", hash = "sha256:601f36512f9e28f029d9481bdaf8e89e5148ac5d89cffd3b05cd533eeb423b59"},
    {file = "charset_normalizer-3.0.1-cp311-cp311-macosx_10_9_universal2.whl", hash = "sha256:0298eafff88c99982a4cf66ba2efa1128e4ddaca0b05eec4c456bbc7db691d8d"},
    {file = "charset_normalizer-3.0.1-cp311-cp311-macosx_10_9_x86_64.whl", hash = "sha256:a8d0fc946c784ff7f7c3742310cc8a57c5c6dc31631269876a88b809dbeff3d3"},
    {file = "charset_normalizer-3.0.1-cp311-cp311-macosx_11_0_arm64.whl", hash = "sha256:87701167f2a5c930b403e9756fab1d31d4d4da52856143b609e30a1ce7160f3c"},
    {file = "charset_normalizer-3.0.1-cp311-cp311-manylinux_2_17_aarch64.manylinux2014_aarch64.whl", hash = "sha256:14e76c0f23218b8f46c4d87018ca2e441535aed3632ca134b10239dfb6dadd6b"},
    {file = "charset_normalizer-3.0.1-cp311-cp311-manylinux_2_17_ppc64le.manylinux2014_ppc64le.whl", hash = "sha256:0c0a590235ccd933d9892c627dec5bc7511ce6ad6c1011fdf5b11363022746c1"},
    {file = "charset_normalizer-3.0.1-cp311-cp311-manylinux_2_17_s390x.manylinux2014_s390x.whl", hash = "sha256:8c7fe7afa480e3e82eed58e0ca89f751cd14d767638e2550c77a92a9e749c317"},
    {file = "charset_normalizer-3.0.1-cp311-cp311-manylinux_2_17_x86_64.manylinux2014_x86_64.whl", hash = "sha256:79909e27e8e4fcc9db4addea88aa63f6423ebb171db091fb4373e3312cb6d603"},
    {file = "charset_normalizer-3.0.1-cp311-cp311-manylinux_2_5_i686.manylinux1_i686.manylinux_2_17_i686.manylinux2014_i686.whl", hash = "sha256:8ac7b6a045b814cf0c47f3623d21ebd88b3e8cf216a14790b455ea7ff0135d18"},
    {file = "charset_normalizer-3.0.1-cp311-cp311-musllinux_1_1_aarch64.whl", hash = "sha256:72966d1b297c741541ca8cf1223ff262a6febe52481af742036a0b296e35fa5a"},
    {file = "charset_normalizer-3.0.1-cp311-cp311-musllinux_1_1_i686.whl", hash = "sha256:f9d0c5c045a3ca9bedfc35dca8526798eb91a07aa7a2c0fee134c6c6f321cbd7"},
    {file = "charset_normalizer-3.0.1-cp311-cp311-musllinux_1_1_ppc64le.whl", hash = "sha256:5995f0164fa7df59db4746112fec3f49c461dd6b31b841873443bdb077c13cfc"},
    {file = "charset_normalizer-3.0.1-cp311-cp311-musllinux_1_1_s390x.whl", hash = "sha256:4a8fcf28c05c1f6d7e177a9a46a1c52798bfe2ad80681d275b10dcf317deaf0b"},
    {file = "charset_normalizer-3.0.1-cp311-cp311-musllinux_1_1_x86_64.whl", hash = "sha256:761e8904c07ad053d285670f36dd94e1b6ab7f16ce62b9805c475b7aa1cffde6"},
    {file = "charset_normalizer-3.0.1-cp311-cp311-win32.whl", hash = "sha256:71140351489970dfe5e60fc621ada3e0f41104a5eddaca47a7acb3c1b851d6d3"},
    {file = "charset_normalizer-3.0.1-cp311-cp311-win_amd64.whl", hash = "sha256:9ab77acb98eba3fd2a85cd160851816bfce6871d944d885febf012713f06659c"},
    {file = "charset_normalizer-3.0.1-cp36-cp36m-macosx_10_9_x86_64.whl", hash = "sha256:84c3990934bae40ea69a82034912ffe5a62c60bbf6ec5bc9691419641d7d5c9a"},
    {file = "charset_normalizer-3.0.1-cp36-cp36m-manylinux_2_17_aarch64.manylinux2014_aarch64.whl", hash = "sha256:74292fc76c905c0ef095fe11e188a32ebd03bc38f3f3e9bcb85e4e6db177b7ea"},
    {file = "charset_normalizer-3.0.1-cp36-cp36m-manylinux_2_17_ppc64le.manylinux2014_ppc64le.whl", hash = "sha256:c95a03c79bbe30eec3ec2b7f076074f4281526724c8685a42872974ef4d36b72"},
    {file = "charset_normalizer-3.0.1-cp36-cp36m-manylinux_2_17_s390x.manylinux2014_s390x.whl", hash = "sha256:f4c39b0e3eac288fedc2b43055cfc2ca7a60362d0e5e87a637beac5d801ef478"},
    {file = "charset_normalizer-3.0.1-cp36-cp36m-manylinux_2_17_x86_64.manylinux2014_x86_64.whl", hash = "sha256:df2c707231459e8a4028eabcd3cfc827befd635b3ef72eada84ab13b52e1574d"},
    {file = "charset_normalizer-3.0.1-cp36-cp36m-manylinux_2_5_i686.manylinux1_i686.manylinux_2_17_i686.manylinux2014_i686.whl", hash = "sha256:93ad6d87ac18e2a90b0fe89df7c65263b9a99a0eb98f0a3d2e079f12a0735837"},
    {file = "charset_normalizer-3.0.1-cp36-cp36m-musllinux_1_1_aarch64.whl", hash = "sha256:59e5686dd847347e55dffcc191a96622f016bc0ad89105e24c14e0d6305acbc6"},
    {file = "charset_normalizer-3.0.1-cp36-cp36m-musllinux_1_1_i686.whl", hash = "sha256:cd6056167405314a4dc3c173943f11249fa0f1b204f8b51ed4bde1a9cd1834dc"},
    {file = "charset_normalizer-3.0.1-cp36-cp36m-musllinux_1_1_ppc64le.whl", hash = "sha256:083c8d17153ecb403e5e1eb76a7ef4babfc2c48d58899c98fcaa04833e7a2f9a"},
    {file = "charset_normalizer-3.0.1-cp36-cp36m-musllinux_1_1_s390x.whl", hash = "sha256:f5057856d21e7586765171eac8b9fc3f7d44ef39425f85dbcccb13b3ebea806c"},
    {file = "charset_normalizer-3.0.1-cp36-cp36m-musllinux_1_1_x86_64.whl", hash = "sha256:7eb33a30d75562222b64f569c642ff3dc6689e09adda43a082208397f016c39a"},
    {file = "charset_normalizer-3.0.1-cp36-cp36m-win32.whl", hash = "sha256:95dea361dd73757c6f1c0a1480ac499952c16ac83f7f5f4f84f0658a01b8ef41"},
    {file = "charset_normalizer-3.0.1-cp36-cp36m-win_amd64.whl", hash = "sha256:eaa379fcd227ca235d04152ca6704c7cb55564116f8bc52545ff357628e10602"},
    {file = "charset_normalizer-3.0.1-cp37-cp37m-macosx_10_9_x86_64.whl", hash = "sha256:3e45867f1f2ab0711d60c6c71746ac53537f1684baa699f4f668d4c6f6ce8e14"},
    {file = "charset_normalizer-3.0.1-cp37-cp37m-manylinux_2_17_aarch64.manylinux2014_aarch64.whl", hash = "sha256:cadaeaba78750d58d3cc6ac4d1fd867da6fc73c88156b7a3212a3cd4819d679d"},
    {file = "charset_normalizer-3.0.1-cp37-cp37m-manylinux_2_17_ppc64le.manylinux2014_ppc64le.whl", hash = "sha256:911d8a40b2bef5b8bbae2e36a0b103f142ac53557ab421dc16ac4aafee6f53dc"},
    {file = "charset_normalizer-3.0.1-cp37-cp37m-manylinux_2_17_s390x.manylinux2014_s390x.whl", hash = "sha256:503e65837c71b875ecdd733877d852adbc465bd82c768a067badd953bf1bc5a3"},
    {file = "charset_normalizer-3.0.1-cp37-cp37m-manylinux_2_17_x86_64.manylinux2014_x86_64.whl", hash = "sha256:a60332922359f920193b1d4826953c507a877b523b2395ad7bc716ddd386d866"},
    {file = "charset_normalizer-3.0.1-cp37-cp37m-manylinux_2_5_i686.manylinux1_i686.manylinux_2_17_i686.manylinux2014_i686.whl", hash = "sha256:16a8663d6e281208d78806dbe14ee9903715361cf81f6d4309944e4d1e59ac5b"},
    {file = "charset_normalizer-3.0.1-cp37-cp37m-musllinux_1_1_aarch64.whl", hash = "sha256:a16418ecf1329f71df119e8a65f3aa68004a3f9383821edcb20f0702934d8087"},
    {file = "charset_normalizer-3.0.1-cp37-cp37m-musllinux_1_1_i686.whl", hash = "sha256:9d9153257a3f70d5f69edf2325357251ed20f772b12e593f3b3377b5f78e7ef8"},
    {file = "charset_normalizer-3.0.1-cp37-cp37m-musllinux_1_1_ppc64le.whl", hash = "sha256:02a51034802cbf38db3f89c66fb5d2ec57e6fe7ef2f4a44d070a593c3688667b"},
    {file = "charset_normalizer-3.0.1-cp37-cp37m-musllinux_1_1_s390x.whl", hash = "sha256:2e396d70bc4ef5325b72b593a72c8979999aa52fb8bcf03f701c1b03e1166918"},
    {file = "charset_normalizer-3.0.1-cp37-cp37m-musllinux_1_1_x86_64.whl", hash = "sha256:11b53acf2411c3b09e6af37e4b9005cba376c872503c8f28218c7243582df45d"},
    {file = "charset_normalizer-3.0.1-cp37-cp37m-win32.whl", hash = "sha256:0bf2dae5291758b6f84cf923bfaa285632816007db0330002fa1de38bfcb7154"},
    {file = "charset_normalizer-3.0.1-cp37-cp37m-win_amd64.whl", hash = "sha256:2c03cc56021a4bd59be889c2b9257dae13bf55041a3372d3295416f86b295fb5"},
    {file = "charset_normalizer-3.0.1-cp38-cp38-macosx_10_9_universal2.whl", hash = "sha256:024e606be3ed92216e2b6952ed859d86b4cfa52cd5bc5f050e7dc28f9b43ec42"},
    {file = "charset_normalizer-3.0.1-cp38-cp38-macosx_10_9_x86_64.whl", hash = "sha256:4b0d02d7102dd0f997580b51edc4cebcf2ab6397a7edf89f1c73b586c614272c"},
    {file = "charset_normalizer-3.0.1-cp38-cp38-macosx_11_0_arm64.whl", hash = "sha256:358a7c4cb8ba9b46c453b1dd8d9e431452d5249072e4f56cfda3149f6ab1405e"},
    {file = "charset_normalizer-3.0.1-cp38-cp38-manylinux_2_17_aarch64.manylinux2014_aarch64.whl", hash = "sha256:81d6741ab457d14fdedc215516665050f3822d3e56508921cc7239f8c8e66a58"},
    {file = "charset_normalizer-3.0.1-cp38-cp38-manylinux_2_17_ppc64le.manylinux2014_ppc64le.whl", hash = "sha256:8b8af03d2e37866d023ad0ddea594edefc31e827fee64f8de5611a1dbc373174"},
    {file = "charset_normalizer-3.0.1-cp38-cp38-manylinux_2_17_s390x.manylinux2014_s390x.whl", hash = "sha256:9cf4e8ad252f7c38dd1f676b46514f92dc0ebeb0db5552f5f403509705e24753"},
    {file = "charset_normalizer-3.0.1-cp38-cp38-manylinux_2_17_x86_64.manylinux2014_x86_64.whl", hash = "sha256:e696f0dd336161fca9adbb846875d40752e6eba585843c768935ba5c9960722b"},
    {file = "charset_normalizer-3.0.1-cp38-cp38-manylinux_2_5_i686.manylinux1_i686.manylinux_2_17_i686.manylinux2014_i686.whl", hash = "sha256:c22d3fe05ce11d3671297dc8973267daa0f938b93ec716e12e0f6dee81591dc1"},
    {file = "charset_normalizer-3.0.1-cp38-cp38-musllinux_1_1_aarch64.whl", hash = "sha256:109487860ef6a328f3eec66f2bf78b0b72400280d8f8ea05f69c51644ba6521a"},
    {file = "charset_normalizer-3.0.1-cp38-cp38-musllinux_1_1_i686.whl", hash = "sha256:37f8febc8ec50c14f3ec9637505f28e58d4f66752207ea177c1d67df25da5aed"},
    {file = "charset_normalizer-3.0.1-cp38-cp38-musllinux_1_1_ppc64le.whl", hash = "sha256:f97e83fa6c25693c7a35de154681fcc257c1c41b38beb0304b9c4d2d9e164479"},
    {file = "charset_normalizer-3.0.1-cp38-cp38-musllinux_1_1_s390x.whl", hash = "sha256:a152f5f33d64a6be73f1d30c9cc82dfc73cec6477ec268e7c6e4c7d23c2d2291"},
    {file = "charset_normalizer-3.0.1-cp38-cp38-musllinux_1_1_x86_64.whl", hash = "sha256:39049da0ffb96c8cbb65cbf5c5f3ca3168990adf3551bd1dee10c48fce8ae820"},
    {file = "charset_normalizer-3.0.1-cp38-cp38-win32.whl", hash = "sha256:4457ea6774b5611f4bed5eaa5df55f70abde42364d498c5134b7ef4c6958e20e"},
    {file = "charset_normalizer-3.0.1-cp38-cp38-win_amd64.whl", hash = "sha256:e62164b50f84e20601c1ff8eb55620d2ad25fb81b59e3cd776a1902527a788af"},
    {file = "charset_normalizer-3.0.1-cp39-cp39-macosx_10_9_universal2.whl", hash = "sha256:8eade758719add78ec36dc13201483f8e9b5d940329285edcd5f70c0a9edbd7f"},
    {file = "charset_normalizer-3.0.1-cp39-cp39-macosx_10_9_x86_64.whl", hash = "sha256:8499ca8f4502af841f68135133d8258f7b32a53a1d594aa98cc52013fff55678"},
    {file = "charset_normalizer-3.0.1-cp39-cp39-macosx_11_0_arm64.whl", hash = "sha256:3fc1c4a2ffd64890aebdb3f97e1278b0cc72579a08ca4de8cd2c04799a3a22be"},
    {file = "charset_normalizer-3.0.1-cp39-cp39-manylinux_2_17_aarch64.manylinux2014_aarch64.whl", hash = "sha256:00d3ffdaafe92a5dc603cb9bd5111aaa36dfa187c8285c543be562e61b755f6b"},
    {file = "charset_normalizer-3.0.1-cp39-cp39-manylinux_2_17_ppc64le.manylinux2014_ppc64le.whl", hash = "sha256:c2ac1b08635a8cd4e0cbeaf6f5e922085908d48eb05d44c5ae9eabab148512ca"},
    {file = "charset_normalizer-3.0.1-cp39-cp39-manylinux_2_17_s390x.manylinux2014_s390x.whl", hash = "sha256:f6f45710b4459401609ebebdbcfb34515da4fc2aa886f95107f556ac69a9147e"},
    {file = "charset_normalizer-3.0.1-cp39-cp39-manylinux_2_17_x86_64.manylinux2014_x86_64.whl", hash = "sha256:3ae1de54a77dc0d6d5fcf623290af4266412a7c4be0b1ff7444394f03f5c54e3"},
    {file = "charset_normalizer-3.0.1-cp39-cp39-manylinux_2_5_i686.manylinux1_i686.manylinux_2_17_i686.manylinux2014_i686.whl", hash = "sha256:3b590df687e3c5ee0deef9fc8c547d81986d9a1b56073d82de008744452d6541"},
    {file = "charset_normalizer-3.0.1-cp39-cp39-musllinux_1_1_aarch64.whl", hash = "sha256:ab5de034a886f616a5668aa5d098af2b5385ed70142090e2a31bcbd0af0fdb3d"},
    {file = "charset_normalizer-3.0.1-cp39-cp39-musllinux_1_1_i686.whl", hash = "sha256:9cb3032517f1627cc012dbc80a8ec976ae76d93ea2b5feaa9d2a5b8882597579"},
    {file = "charset_normalizer-3.0.1-cp39-cp39-musllinux_1_1_ppc64le.whl", hash = "sha256:608862a7bf6957f2333fc54ab4399e405baad0163dc9f8d99cb236816db169d4"},
    {file = "charset_normalizer-3.0.1-cp39-cp39-musllinux_1_1_s390x.whl", hash = "sha256:0f438ae3532723fb6ead77e7c604be7c8374094ef4ee2c5e03a3a17f1fca256c"},
    {file = "charset_normalizer-3.0.1-cp39-cp39-musllinux_1_1_x86_64.whl", hash = "sha256:356541bf4381fa35856dafa6a965916e54bed415ad8a24ee6de6e37deccf2786"},
    {file = "charset_normalizer-3.0.1-cp39-cp39-win32.whl", hash = "sha256:39cf9ed17fe3b1bc81f33c9ceb6ce67683ee7526e65fde1447c772afc54a1bb8"},
    {file = "charset_normalizer-3.0.1-cp39-cp39-win_amd64.whl", hash = "sha256:0a11e971ed097d24c534c037d298ad32c6ce81a45736d31e0ff0ad37ab437d59"},
    {file = "charset_normalizer-3.0.1-py3-none-any.whl", hash = "sha256:7e189e2e1d3ed2f4aebabd2d5b0f931e883676e51c7624826e0a4e5fe8a0bf24"},
]
idna = [
    {file = "idna-3.4-py3-none-any.whl", hash = "sha256:90b77e79eaa3eba6de819a0c442c0b4ceefc341a7a2ab77d7562bf49f425c5c2"},
    {file = "idna-3.4.tar.gz", hash = "sha256:814f528e8dead7d329833b91c5faa87d60bf71824cd12a7530b5526063d02cb4"},
]
"mega.py" = [
    {file = "mega.py-1.0.8-py2.py3-none-any.whl", hash = "sha256:863b2dd59f8e639402fef3c67778fd63895fc1b678127e7006df1544f04e737c"},
    {file = "mega.py-1.0.8.tar.gz", hash = "sha256:0632664abda8b7e4d0bbd68460da4b331d3d7d63db9afe7d3ce6fcb4f137c1a9"},
]
pathlib = [
    {file = "pathlib-1.0.1-py3-none-any.whl", hash = "sha256:f35f95ab8b0f59e6d354090350b44a80a80635d22efdedfa84c7ad1cf0a74147"},
    {file = "pathlib-1.0.1.tar.gz", hash = "sha256:6940718dfc3eff4258203ad5021090933e5c04707d5ca8cc9e73c94a7894ea9f"},
]
pycryptodome = [
    {file = "pycryptodome-3.17-cp27-cp27m-macosx_10_9_x86_64.whl", hash = "sha256:2c5631204ebcc7ae33d11c43037b2dafe25e2ab9c1de6448eb6502ac69c19a56"},
    {file = "pycryptodome-3.17-cp27-cp27m-manylinux2010_i686.whl", hash = "sha256:04779cc588ad8f13c80a060b0b1c9d1c203d051d8a43879117fe6b8aaf1cd3fa"},
    {file = "pycryptodome-3.17-cp27-cp27m-manylinux2010_x86_64.whl", hash = "sha256:f812d58c5af06d939b2baccdda614a3ffd80531a26e5faca2c9f8b1770b2b7af"},
    {file = "pycryptodome-3.17-cp27-cp27m-manylinux2014_aarch64.whl", hash = "sha256:9453b4e21e752df8737fdffac619e93c9f0ec55ead9a45df782055eb95ef37d9"},
    {file = "pycryptodome-3.17-cp27-cp27m-musllinux_1_1_aarch64.whl", hash = "sha256:121d61663267f73692e8bde5ec0d23c9146465a0d75cad75c34f75c752527b01"},
    {file = "pycryptodome-3.17-cp27-cp27m-win32.whl", hash = "sha256:ba2d4fcb844c6ba5df4bbfee9352ad5352c5ae939ac450e06cdceff653280450"},
    {file = "pycryptodome-3.17-cp27-cp27m-win_amd64.whl", hash = "sha256:87e2ca3aa557781447428c4b6c8c937f10ff215202ab40ece5c13a82555c10d6"},
    {file = "pycryptodome-3.17-cp27-cp27mu-manylinux2010_i686.whl", hash = "sha256:f44c0d28716d950135ff21505f2c764498eda9d8806b7c78764165848aa419bc"},
    {file = "pycryptodome-3.17-cp27-cp27mu-manylinux2010_x86_64.whl", hash = "sha256:5a790bc045003d89d42e3b9cb3cc938c8561a57a88aaa5691512e8540d1ae79c"},
    {file = "pycryptodome-3.17-cp27-cp27mu-manylinux2014_aarch64.whl", hash = "sha256:d086d46774e27b280e4cece8ab3d87299cf0d39063f00f1e9290d096adc5662a"},
    {file = "pycryptodome-3.17-cp27-cp27mu-musllinux_1_1_aarch64.whl", hash = "sha256:5587803d5b66dfd99e7caa31ed91fba0fdee3661c5d93684028ad6653fce725f"},
    {file = "pycryptodome-3.17-cp35-abi3-macosx_10_9_universal2.whl", hash = "sha256:e7debd9c439e7b84f53be3cf4ba8b75b3d0b6e6015212355d6daf44ac672e210"},
    {file = "pycryptodome-3.17-cp35-abi3-macosx_10_9_x86_64.whl", hash = "sha256:ca1ceb6303be1282148f04ac21cebeebdb4152590842159877778f9cf1634f09"},
    {file = "pycryptodome-3.17-cp35-abi3-manylinux2014_aarch64.whl", hash = "sha256:dc22cc00f804485a3c2a7e2010d9f14a705555f67020eb083e833cabd5bd82e4"},
    {file = "pycryptodome-3.17-cp35-abi3-manylinux_2_17_x86_64.manylinux2014_x86_64.whl", hash = "sha256:80ea8333b6a5f2d9e856ff2293dba2e3e661197f90bf0f4d5a82a0a6bc83a626"},
    {file = "pycryptodome-3.17-cp35-abi3-manylinux_2_5_i686.manylinux1_i686.manylinux_2_17_i686.manylinux2014_i686.whl", hash = "sha256:c133f6721fba313722a018392a91e3c69d3706ae723484841752559e71d69dc6"},
    {file = "pycryptodome-3.17-cp35-abi3-musllinux_1_1_aarch64.whl", hash = "sha256:333306eaea01fde50a73c4619e25631e56c4c61bd0fb0a2346479e67e3d3a820"},
    {file = "pycryptodome-3.17-cp35-abi3-musllinux_1_1_i686.whl", hash = "sha256:1a30f51b990994491cec2d7d237924e5b6bd0d445da9337d77de384ad7f254f9"},
    {file = "pycryptodome-3.17-cp35-abi3-musllinux_1_1_x86_64.whl", hash = "sha256:909e36a43fe4a8a3163e9c7fc103867825d14a2ecb852a63d3905250b308a4e5"},
    {file = "pycryptodome-3.17-cp35-abi3-win32.whl", hash = "sha256:a3228728a3808bc9f18c1797ec1179a0efb5068c817b2ffcf6bcd012494dffb2"},
    {file = "pycryptodome-3.17-cp35-abi3-win_amd64.whl", hash = "sha256:9ec565e89a6b400eca814f28d78a9ef3f15aea1df74d95b28b7720739b28f37f"},
    {file = "pycryptodome-3.17-pp27-pypy_73-macosx_10_9_x86_64.whl", hash = "sha256:e1819b67bcf6ca48341e9b03c2e45b1c891fa8eb1a8458482d14c2805c9616f2"},
    {file = "pycryptodome-3.17-pp27-pypy_73-manylinux2010_x86_64.whl", hash = "sha256:f8e550caf52472ae9126953415e4fc554ab53049a5691c45b8816895c632e4d7"},
    {file = "pycryptodome-3.17-pp27-pypy_73-win32.whl", hash = "sha256:afbcdb0eda20a0e1d44e3a1ad6d4ec3c959210f4b48cabc0e387a282f4c7deb8"},
    {file = "pycryptodome-3.17-pp38-pypy38_pp73-macosx_10_9_x86_64.whl", hash = "sha256:a74f45aee8c5cc4d533e585e0e596e9f78521e1543a302870a27b0ae2106381e"},
    {file = "pycryptodome-3.17-pp38-pypy38_pp73-manylinux_2_17_x86_64.manylinux2014_x86_64.whl", hash = "sha256:38bbd6717eac084408b4094174c0805bdbaba1f57fc250fd0309ae5ec9ed7e09"},
    {file = "pycryptodome-3.17-pp38-pypy38_pp73-manylinux_2_5_i686.manylinux1_i686.manylinux_2_17_i686.manylinux2014_i686.whl", hash = "sha256:f68d6c8ea2974a571cacb7014dbaada21063a0375318d88ac1f9300bc81e93c3"},
    {file = "pycryptodome-3.17-pp38-pypy38_pp73-win_amd64.whl", hash = "sha256:8198f2b04c39d817b206ebe0db25a6653bb5f463c2319d6f6d9a80d012ac1e37"},
    {file = "pycryptodome-3.17-pp39-pypy39_pp73-macosx_10_9_x86_64.whl", hash = "sha256:3a232474cd89d3f51e4295abe248a8b95d0332d153bf46444e415409070aae1e"},
    {file = "pycryptodome-3.17-pp39-pypy39_pp73-manylinux_2_17_x86_64.manylinux2014_x86_64.whl", hash = "sha256:4992ec965606054e8326e83db1c8654f0549cdb26fce1898dc1a20bc7684ec1c"},
    {file = "pycryptodome-3.17-pp39-pypy39_pp73-manylinux_2_5_i686.manylinux1_i686.manylinux_2_17_i686.manylinux2014_i686.whl", hash = "sha256:53068e33c74f3b93a8158dacaa5d0f82d254a81b1002e0cd342be89fcb3433eb"},
    {file = "pycryptodome-3.17-pp39-pypy39_pp73-win_amd64.whl", hash = "sha256:74794a2e2896cd0cf56fdc9db61ef755fa812b4a4900fa46c49045663a92b8d0"},
    {file = "pycryptodome-3.17.tar.gz", hash = "sha256:bce2e2d8e82fcf972005652371a3e8731956a0c1fbb719cc897943b3695ad91b"},
]
python-decouple = [
    {file = "python-decouple-3.7.tar.gz", hash = "sha256:e88a8d6bdf3b07d471a854099e455e20a6fa7a4d6ecf8631b250e3db654336e6"},
    {file = "python_decouple-3.7-py3-none-any.whl", hash = "sha256:1596dad2670cca5b1f87d087d9adb6a1958c590df346b85d4b19a9d6f0d52cef"},
]
requests = [
    {file = "requests-2.28.2-py3-none-any.whl", hash = "sha256:64299f4909223da747622c030b781c0d7811e359c37124b4bd368fb8c6518baa"},
    {file = "requests-2.28.2.tar.gz", hash = "sha256:98b1b2782e3c6c4904938b84c0eb932721069dfdb9134313beff7c83c2df24bf"},
]
six = [
    {file = "six-1.16.0-py2.py3-none-any.whl", hash = "sha256:8abb2f1d86890a2dfb989f9a77cfcfd3e47c2a354b01111771326f8aa26e0254"},
    {file = "six-1.16.0.tar.gz", hash = "sha256:1e61c37477a1626458e36f7b1d82aa5c9b094fa4802892072e49de9c60c4c926"},
]
tenacity = [
    {file = "tenacity-5.1.5-py2.py3-none-any.whl", hash = "sha256:3a916e734559f1baa2cab965ee00061540c41db71c3bf25375b81540a19758fc"},
    {file = "tenacity-5.1.5.tar.gz", hash = "sha256:e664bd94f088b17f46da33255ae33911ca6a0fe04b156d334b601a4ef66d3c5f"},
]
urllib3 = [
    {file = "urllib3-1.26.14-py2.py3-none-any.whl", hash = "sha256:75edcdc2f7d85b137124a6c3c9fc3933cdeaa12ecb9a6a959f22797a0feca7e1"},
    {file = "urllib3-1.26.14.tar.gz", hash = "sha256:076907bf8fd355cde77728471316625a4d2f7e713c125f51953bb5b3eecf4f72"},
]
